
Microsoft Visual Studio Solution File, Format Version 12.00
# Visual Studio Version 16
VisualStudioVersion = 16.0.29324.140
MinimumVisualStudioVersion = 10.0.40219.1
Project("{FAE04EC0-301F-11D3-BF4B-00C04F79EFBC}") = "WeixinMPToPDF", "WeixinMPToPDF\WeixinMPToPDF.csproj", "{BA3851B7-EFE6-42F9-BD73-9D53C02DB45F}"
EndProject
Global
	GlobalSection(SolutionConfigurationPlatforms) = preSolution
		Debug|Any CPU = Debug|Any CPU
		Release|Any CPU = Release|Any CPU
	EndGlobalSection
	GlobalSection(ProjectConfigurationPlatforms) = postSolution
		{BA3851B7-EFE6-42F9-BD73-9D53C02DB45F}.Debug|Any CPU.ActiveCfg = Debug|Any CPU
		{BA3851B7-EFE6-42F9-BD73-9D53C02DB45F}.Debug|Any CPU.Build.0 = Debug|Any CPU
		{BA3851B7-EFE6-42F9-BD73-9D53C02DB45F}.Release|Any CPU.ActiveCfg = Release|Any CPU
		{BA3851B7-EFE6-42F9-BD73-9D53C02DB45F}.Release|Any CPU.Build.0 = Release|Any CPU
	EndGlobalSection
	GlobalSection(SolutionProperties) = preSolution
		HideSolutionNode = FALSE
	EndGlobalSection
	GlobalSection(ExtensibilityGlobals) = postSolution
		SolutionGuid = {7CB69D2E-9A5A-4C44-B256-298659BE6A45}
	EndGlobalSection
EndGlobal
